{
  "requires": true,
  "lockfileVersion": 1,
  "dependencies": {
    "nodemailer": {
      "version": "6.4.8",
      "resolved": "https://registry.npmjs.org/nodemailer/-/nodemailer-6.4.8.tgz",
      "integrity": "sha512-UbJD0+g5e2H20bWv7Rpj3B+N3TMMJ0MLoLwaGVJ0k3Vo8upq0UltwHJ5BJfrpST1vFa91JQ8cf7cICK5DSIo1Q=="
    }
  }
}
